
Microsoft Visual Studio Solution File, Format Version 11.00
# Visual Studio 2010
Project("{FAE04EC0-301F-11D3-BF4B-00C04F79EFBC}") = "Assembly-CSharp", "Assembly-CSharp.csproj", "{0ea4889a-51aa-2ac8-39fc-d36f8ea388a3}"
EndProject
Project("{FAE04EC0-301F-11D3-BF4B-00C04F79EFBC}") = "Assembly-CSharp-firstpass", "Assembly-CSharp-firstpass.csproj", "{7b88c2c9-b6bf-9bfc-7741-3f04ca8ed08f}"
EndProject
Global
	GlobalSection(SolutionConfigurationPlatforms) = preSolution
		Debug|Any CPU = Debug|Any CPU
	EndGlobalSection
	GlobalSection(ProjectConfigurationPlatforms) = postSolution
		{0ea4889a-51aa-2ac8-39fc-d36f8ea388a3}.Debug|Any CPU.ActiveCfg = Debug|Any CPU
		{0ea4889a-51aa-2ac8-39fc-d36f8ea388a3}.Debug|Any CPU.Build.0 = Debug|Any CPU
		{7b88c2c9-b6bf-9bfc-7741-3f04ca8ed08f}.Debug|Any CPU.ActiveCfg = Debug|Any CPU
		{7b88c2c9-b6bf-9bfc-7741-3f04ca8ed08f}.Debug|Any CPU.Build.0 = Debug|Any CPU
	EndGlobalSection
	GlobalSection(SolutionProperties) = preSolution
		HideSolutionNode = FALSE
	EndGlobalSection
EndGlobal
